{
  "name": "app-exampapp-keyboard-nodele",
  "version": "1.0.2",
  "lockfileVersion": 1,
  "requires": true,
  "dependencies": {
    "input-event": {
      "version": "1.2.6",
      "resolved": "https://registry.npmjs.org/input-event/-/input-event-1.2.6.tgz",
      "integrity": "sha512-1aSLTWXfj/zCf65Tr2J0f4JpfcprpjW/UOLf4lQ5G5fsOZwBAGWTJNXcsEJV/0s/w1vgsslvH3bnihI4ZtmC9Q=="
    },
    "keypress": {
      "version": "0.2.1",
      "resolved": "https://registry.npmjs.org/keypress/-/keypress-0.2.1.tgz",
      "integrity": "sha1-HoBFQlABjbrUw/6USX1uZ7YmnHc="
    }
  }
}
